<Solution>
  <Project Path="Assembly-CSharp.csproj" />
  <Project Path="Unity.RenderPipelines.Core.Samples.Runtime.csproj" />
  <Project Path="Assembly-CSharp-Editor.csproj" />
  <Project Path="KrisDevelopment.EnviroSpawn.Editor.csproj" />
  <Project Path="KrisDevelopment.EnviroSpawn.csproj" />
  <Project Path="Unity.RenderPipelines.Core.Samples.Editor.csproj" />
</Solution>
